# This file is automatically @generated by Cargo.
# It is not intended for manual editing.
version = 3

[[package]]
name = "async-stream"
version = "0.3.2"
source = "registry+https://github.com/rust-lang/crates.io-index"
checksum = "171374e7e3b2504e0e5236e3b59260560f9fe94bfe9ac39ba5e4e929c5590625"
dependencies = [
 "async-stream-impl",
 "futures-core",
]

[[package]]
name = "async-stream-impl"
version = "0.3.2"
source = "registry+https://github.com/rust-lang/crates.io-index"
checksum = "648ed8c8d2ce5409ccd57453d9d1b214b342a0d69376a6feda1fd6cae3299308"
dependencies = [
 "proc-macro2",
 "quote",
 "syn",
]

[[package]]
name = "bytes"
version = "1.1.0"
source = "registry+https://github.com/rust-lang/crates.io-index"
checksum = "c4872d67bab6358e59559027aa3b9157c53d9358c51423c17554809a8858e0f8"

[[package]]
name = "cfg-if"
version = "1.0.0"
source = "registry+https://github.com/rust-lang/crates.io-index"
checksum = "baf1de4339761588bc0619e3cbc0120ee582ebb74b53b4efbf79117bd2da40fd"

[[package]]
name = "delay_map"
version = "0.1.2"
dependencies = [
 "futures",
 "tokio",
 "tokio-test",
 "tokio-util",
]

[[package]]
name = "futures"
version = "0.3.26"
source = "registry+https://github.com/rust-lang/crates.io-index"
checksum = "13e2792b0ff0340399d58445b88fd9770e3489eff258a4cbc1523418f12abf84"
dependencies = [
 "futures-channel",
 "futures-core",
 "futures-executor",
 "futures-io",
 "futures-sink",
 "futures-task",
 "futures-util",
]

[[package]]
name = "futures-channel"
version = "0.3.26"
source = "registry+https://github.com/rust-lang/crates.io-index"
checksum = "2e5317663a9089767a1ec00a487df42e0ca174b61b4483213ac24448e4664df5"
dependencies = [
 "futures-core",
 "futures-sink",
]

[[package]]
name = "futures-core"
version = "0.3.26"
source = "registry+https://github.com/rust-lang/crates.io-index"
checksum = "ec90ff4d0fe1f57d600049061dc6bb68ed03c7d2fbd697274c41805dcb3f8608"

[[package]]
name = "futures-executor"
version = "0.3.26"
source = "registry+https://github.com/rust-lang/crates.io-index"
checksum = "e8de0a35a6ab97ec8869e32a2473f4b1324459e14c29275d14b10cb1fd19b50e"
dependencies = [
 "futures-core",
 "futures-task",
 "futures-util",
]

[[package]]
name = "futures-io"
version = "0.3.26"
source = "registry+https://github.com/rust-lang/crates.io-index"
checksum = "bfb8371b6fb2aeb2d280374607aeabfc99d95c72edfe51692e42d3d7f0d08531"

[[package]]
name = "futures-macro"
version = "0.3.26"
source = "registry+https://github.com/rust-lang/crates.io-index"
checksum = "95a73af87da33b5acf53acfebdc339fe592ecf5357ac7c0a7734ab9d8c876a70"
dependencies = [
 "proc-macro2",
 "quote",
 "syn",
]

[[package]]
name = "futures-sink"
version = "0.3.26"
source = "registry+https://github.com/rust-lang/crates.io-index"
checksum = "f310820bb3e8cfd46c80db4d7fb8353e15dfff853a127158425f31e0be6c8364"

[[package]]
name = "futures-task"
version = "0.3.26"
source = "registry+https://github.com/rust-lang/crates.io-index"
checksum = "dcf79a1bf610b10f42aea489289c5a2c478a786509693b80cd39c44ccd936366"

[[package]]
name = "futures-util"
version = "0.3.26"
source = "registry+https://github.com/rust-lang/crates.io-index"
checksum = "9c1d6de3acfef38d2be4b1f543f553131788603495be83da675e180c8d6b7bd1"
dependencies = [
 "futures-channel",
 "futures-core",
 "futures-io",
 "futures-macro",
 "futures-sink",
 "futures-task",
 "memchr",
 "pin-project-lite",
 "pin-utils",
 "slab",
]

[[package]]
name = "hermit-abi"
version = "0.1.19"
source = "registry+https://github.com/rust-lang/crates.io-index"
checksum = "62b467343b94ba476dcb2500d242dadbb39557df889310ac77c5d99100aaac33"
dependencies = [
 "libc",
]

[[package]]
name = "libc"
version = "0.2.115"
source = "registry+https://github.com/rust-lang/crates.io-index"
checksum = "0a8d982fa7a96a000f6ec4cfe966de9703eccde29750df2bb8949da91b0e818d"

[[package]]
name = "log"
version = "0.4.14"
source = "registry+https://github.com/rust-lang/crates.io-index"
checksum = "51b9bbe6c47d51fc3e1a9b945965946b4c44142ab8792c50835a980d362c2710"
dependencies = [
 "cfg-if",
]

[[package]]
name = "memchr"
version = "2.4.1"
source = "registry+https://github.com/rust-lang/crates.io-index"
checksum = "308cc39be01b73d0d18f82a0e7b2a3df85245f84af96fdddc5d202d27e47b86a"

[[package]]
name = "num_cpus"
version = "1.13.1"
source = "registry+https://github.com/rust-lang/crates.io-index"
checksum = "19e64526ebdee182341572e50e9ad03965aa510cd94427a4549448f285e957a1"
dependencies = [
 "hermit-abi",
 "libc",
]

[[package]]
name = "pin-project-lite"
version = "0.2.8"
source = "registry+https://github.com/rust-lang/crates.io-index"
checksum = "e280fbe77cc62c91527259e9442153f4688736748d24660126286329742b4c6c"

[[package]]
name = "pin-utils"
version = "0.1.0"
source = "registry+https://github.com/rust-lang/crates.io-index"
checksum = "8b870d8c151b6f2fb93e84a13146138f05d02ed11c7e7c54f8826aaaf7c9f184"

[[package]]
name = "proc-macro2"
version = "1.0.36"
source = "registry+https://github.com/rust-lang/crates.io-index"
checksum = "c7342d5883fbccae1cc37a2353b09c87c9b0f3afd73f5fb9bba687a1f733b029"
dependencies = [
 "unicode-xid",
]

[[package]]
name = "quote"
version = "1.0.15"
source = "registry+https://github.com/rust-lang/crates.io-index"
checksum = "864d3e96a899863136fc6e99f3d7cae289dafe43bf2c5ac19b70df7210c0a145"
dependencies = [
 "proc-macro2",
]

[[package]]
name = "slab"
version = "0.4.5"
source = "registry+https://github.com/rust-lang/crates.io-index"
checksum = "9def91fd1e018fe007022791f865d0ccc9b3a0d5001e01aabb8b40e46000afb5"

[[package]]
name = "syn"
version = "1.0.86"
source = "registry+https://github.com/rust-lang/crates.io-index"
checksum = "8a65b3f4ffa0092e9887669db0eae07941f023991ab58ea44da8fe8e2d511c6b"
dependencies = [
 "proc-macro2",
 "quote",
 "unicode-xid",
]

[[package]]
name = "tokio"
version = "1.16.0"
source = "registry+https://github.com/rust-lang/crates.io-index"
checksum = "95e99d373042c30406d317cfc5bfad7b5d604bdd31dab72cf8739abebaa64aee"
dependencies = [
 "num_cpus",
 "pin-project-lite",
 "tokio-macros",
]

[[package]]
name = "tokio-macros"
version = "1.7.0"
source = "registry+https://github.com/rust-lang/crates.io-index"
checksum = "b557f72f448c511a979e2564e55d74e6c4432fc96ff4f6241bc6bded342643b7"
dependencies = [
 "proc-macro2",
 "quote",
 "syn",
]

[[package]]
name = "tokio-stream"
version = "0.1.8"
source = "registry+https://github.com/rust-lang/crates.io-index"
checksum = "50145484efff8818b5ccd256697f36863f587da82cf8b409c53adf1e840798e3"
dependencies = [
 "futures-core",
 "pin-project-lite",
 "tokio",
]

[[package]]
name = "tokio-test"
version = "0.4.2"
source = "registry+https://github.com/rust-lang/crates.io-index"
checksum = "53474327ae5e166530d17f2d956afcb4f8a004de581b3cae10f12006bc8163e3"
dependencies = [
 "async-stream",
 "bytes",
 "futures-core",
 "tokio",
 "tokio-stream",
]

[[package]]
name = "tokio-util"
version = "0.6.9"
source = "registry+https://github.com/rust-lang/crates.io-index"
checksum = "9e99e1983e5d376cd8eb4b66604d2e99e79f5bd988c3055891dcd8c9e2604cc0"
dependencies = [
 "bytes",
 "futures-core",
 "futures-sink",
 "log",
 "pin-project-lite",
 "slab",
 "tokio",
]

[[package]]
name = "unicode-xid"
version = "0.2.2"
source = "registry+https://github.com/rust-lang/crates.io-index"
checksum = "8ccb82d61f80a663efe1f787a51b16b5a51e3314d6ac365b08639f52387b33f3"
